// !$*UTF8*$!
{
	archiveVersion = 1;
	classes = {
	};
	objectVersion = 56;
	objects = {

/* Begin PBXBuildFile section */
		720789882CA41F980053BE8B /* FormatterManager.swift in Sources */ = {isa = PBXBuildFile; fileRef = 720789872CA41F980053BE8B /* FormatterManager.swift */; };
		7207898B2CA422AC0053BE8B /* BaseView.swift in Sources */ = {isa = PBXBuildFile; fileRef = 7207898A2CA422AC0053BE8B /* BaseView.swift */; };
		7207898D2CA422C10053BE8B /* BaseViewController.swift in Sources */ = {isa = PBXBuildFile; fileRef = 7207898C2CA422C10053BE8B /* BaseViewController.swift */; };
		7207898F2CA4230E0053BE8B /* MonthCalendarView.swift in Sources */ = {isa = PBXBuildFile; fileRef = 7207898E2CA4230E0053BE8B /* MonthCalendarView.swift */; };
		720789922CA4525F0053BE8B /* TabIconView.swift in Sources */ = {isa = PBXBuildFile; fileRef = 720789912CA4525F0053BE8B /* TabIconView.swift */; };
		720789962CA454B10053BE8B /* IconImageName.swift in Sources */ = {isa = PBXBuildFile; fileRef = 720789952CA454B10053BE8B /* IconImageName.swift */; };
		720789992CA456890053BE8B /* CircleButtonView.swift in Sources */ = {isa = PBXBuildFile; fileRef = 720789982CA456890053BE8B /* CircleButtonView.swift */; };
		7207899B2CA478310053BE8B /* RecodeViewModel.swift in Sources */ = {isa = PBXBuildFile; fileRef = 7207899A2CA478310053BE8B /* RecodeViewModel.swift */; };
		7207899D2CA478910053BE8B /* RecodingView.swift in Sources */ = {isa = PBXBuildFile; fileRef = 7207899C2CA478910053BE8B /* RecodingView.swift */; };
		720789A12CA479C80053BE8B /* DateRecodingView.swift in Sources */ = {isa = PBXBuildFile; fileRef = 720789A02CA479C80053BE8B /* DateRecodingView.swift */; };
		720789A32CA47EE00053BE8B /* CategoriesView.swift in Sources */ = {isa = PBXBuildFile; fileRef = 720789A22CA47EE00053BE8B /* CategoriesView.swift */; };
		720789A82CA5565A0053BE8B /* RealmModel.swift in Sources */ = {isa = PBXBuildFile; fileRef = 720789A72CA5565A0053BE8B /* RealmModel.swift */; };
		720789AC2CA5A6F20053BE8B /* AudioRecorderManager.swift in Sources */ = {isa = PBXBuildFile; fileRef = 720789AB2CA5A6F20053BE8B /* AudioRecorderManager.swift */; };
		720789BB2CA6FF310053BE8B /* AnalysisResultView.swift in Sources */ = {isa = PBXBuildFile; fileRef = 720789BA2CA6FF310053BE8B /* AnalysisResultView.swift */; };
		720789BE2CA705380053BE8B /* AnalyzeSentimentNetwork.swift in Sources */ = {isa = PBXBuildFile; fileRef = 720789BD2CA705380053BE8B /* AnalyzeSentimentNetwork.swift */; };
		720789C02CA70B4B0053BE8B /* .gitignore in Resources */ = {isa = PBXBuildFile; fileRef = 720789BF2CA70B4B0053BE8B /* .gitignore */; };
		720789C22CA70BC70053BE8B /* APIKey.swift in Sources */ = {isa = PBXBuildFile; fileRef = 720789C12CA70BC70053BE8B /* APIKey.swift */; };
		720789C42CA722790053BE8B /* EmotionImageManager.swift in Sources */ = {isa = PBXBuildFile; fileRef = 720789C32CA722790053BE8B /* EmotionImageManager.swift */; };
		723114A52DA39516009D560B /* Localizable.strings in Resources */ = {isa = PBXBuildFile; fileRef = 723114A32DA39516009D560B /* Localizable.strings */; };
		723114A92DA39742009D560B /* StringData.swift in Sources */ = {isa = PBXBuildFile; fileRef = 723114A82DA39742009D560B /* StringData.swift */; };
		72940CA32C9028C800311CE8 /* TellMeDayApp.swift in Sources */ = {isa = PBXBuildFile; fileRef = 72940CA22C9028C800311CE8 /* TellMeDayApp.swift */; };
		72940CA52C9028C800311CE8 /* MainView.swift in Sources */ = {isa = PBXBuildFile; fileRef = 72940CA42C9028C800311CE8 /* MainView.swift */; };
		72940CA72C9028C900311CE8 /* Assets.xcassets in Resources */ = {isa = PBXBuildFile; fileRef = 72940CA62C9028C900311CE8 /* Assets.xcassets */; };
		72940CAA2C9028C900311CE8 /* Preview Assets.xcassets in Resources */ = {isa = PBXBuildFile; fileRef = 72940CA92C9028C900311CE8 /* Preview Assets.xcassets */; };
		72940D0E2C982DEB00311CE8 /* FSCalendar in Frameworks */ = {isa = PBXBuildFile; productRef = 72940D0D2C982DEB00311CE8 /* FSCalendar */; };
		72940D112C98373900311CE8 /* MonthCalendarViewController.swift in Sources */ = {isa = PBXBuildFile; fileRef = 72940D102C98373900311CE8 /* MonthCalendarViewController.swift */; };
		72940D142C983F2200311CE8 /* SnapKit in Frameworks */ = {isa = PBXBuildFile; productRef = 72940D132C983F2200311CE8 /* SnapKit */; };
		72940D172C98424800311CE8 /* CalendarCell.swift in Sources */ = {isa = PBXBuildFile; fileRef = 72940D162C98424800311CE8 /* CalendarCell.swift */; };
		72940D1A2C98432700311CE8 /* CalendarViewModel.swift in Sources */ = {isa = PBXBuildFile; fileRef = 72940D192C98432700311CE8 /* CalendarViewModel.swift */; };
		72940D1D2C98437800311CE8 /* Kingfisher in Frameworks */ = {isa = PBXBuildFile; productRef = 72940D1C2C98437800311CE8 /* Kingfisher */; };
		72940D222C9C018800311CE8 /* RealmSwift in Frameworks */ = {isa = PBXBuildFile; productRef = 72940D212C9C018800311CE8 /* RealmSwift */; };
		72940D232C9C019600311CE8 /* RealmSwift in Embed Frameworks */ = {isa = PBXBuildFile; productRef = 72940D212C9C018800311CE8 /* RealmSwift */; settings = {ATTRIBUTES = (CodeSignOnCopy, ); }; };
		72940D262C9D457500311CE8 /* CustomTabView.swift in Sources */ = {isa = PBXBuildFile; fileRef = 72940D252C9D457500311CE8 /* CustomTabView.swift */; };
		72940D2B2C9EAA0D00311CE8 /* ForegroundWrapper.swift in Sources */ = {isa = PBXBuildFile; fileRef = 72940D2A2C9EAA0D00311CE8 /* ForegroundWrapper.swift */; };
		72940D2E2C9FEA2600311CE8 /* 나눔손글씨 규리의 일기.ttf in Resources */ = {isa = PBXBuildFile; fileRef = 72940D2D2C9FEA2600311CE8 /* 나눔손글씨 규리의 일기.ttf */; };
		72940D312C9FEBE300311CE8 /* ResourceFonts.swift in Sources */ = {isa = PBXBuildFile; fileRef = 72940D302C9FEBE300311CE8 /* ResourceFonts.swift */; };
		72940D342CA05DEF00311CE8 /* TitleTextField.swift in Sources */ = {isa = PBXBuildFile; fileRef = 72940D332CA05DEF00311CE8 /* TitleTextField.swift */; };
		72940D362CA064DE00311CE8 /* SpeechRecognizer.swift in Sources */ = {isa = PBXBuildFile; fileRef = 72940D352CA064DE00311CE8 /* SpeechRecognizer.swift */; };
		72940D552CA1C6B300311CE8 /* ViewModelType.swift in Sources */ = {isa = PBXBuildFile; fileRef = 72940D542CA1C6B300311CE8 /* ViewModelType.swift */; };
		72940D572CA3059000311CE8 /* VoiceDiaryRecordingView.swift in Sources */ = {isa = PBXBuildFile; fileRef = 72940D562CA3059000311CE8 /* VoiceDiaryRecordingView.swift */; };
		72940D592CA305BB00311CE8 /* VoiceDiaryRecordingViewModel.swift in Sources */ = {isa = PBXBuildFile; fileRef = 72940D582CA305BB00311CE8 /* VoiceDiaryRecordingViewModel.swift */; };
		72940D5C2CA30B6100311CE8 /* DateHeaderView.swift in Sources */ = {isa = PBXBuildFile; fileRef = 72940D5B2CA30B6100311CE8 /* DateHeaderView.swift */; };
		72A3AA3A2CA84CAE005FBCDD /* DiaryTableRepository.swift in Sources */ = {isa = PBXBuildFile; fileRef = 72A3AA392CA84CAE005FBCDD /* DiaryTableRepository.swift */; };
		72A3AA3D2CA86342005FBCDD /* DiaryDetailView.swift in Sources */ = {isa = PBXBuildFile; fileRef = 72A3AA3C2CA86342005FBCDD /* DiaryDetailView.swift */; };
		72A3AA402CA93F15005FBCDD /* EditDiary.swift in Sources */ = {isa = PBXBuildFile; fileRef = 72A3AA3F2CA93F15005FBCDD /* EditDiary.swift */; };
		72A3AA422CA942AA005FBCDD /* EditDiaryViewModel.swift in Sources */ = {isa = PBXBuildFile; fileRef = 72A3AA412CA942AA005FBCDD /* EditDiaryViewModel.swift */; };
		72A3AA452CA97653005FBCDD /* MyDiaryView.swift in Sources */ = {isa = PBXBuildFile; fileRef = 72A3AA442CA97653005FBCDD /* MyDiaryView.swift */; };
		72A3AA472CA98056005FBCDD /* DiaryCardView.swift in Sources */ = {isa = PBXBuildFile; fileRef = 72A3AA462CA98056005FBCDD /* DiaryCardView.swift */; };
		72A3AA492CA99587005FBCDD /* AnalyzeView.swift in Sources */ = {isa = PBXBuildFile; fileRef = 72A3AA482CA99587005FBCDD /* AnalyzeView.swift */; };
		72A3AA4C2CAEB0B0005FBCDD /* Enum.swift in Sources */ = {isa = PBXBuildFile; fileRef = 72A3AA4B2CAEB0B0005FBCDD /* Enum.swift */; };
/* End PBXBuildFile section */

/* Begin PBXCopyFilesBuildPhase section */
		72940D242C9C019600311CE8 /* Embed Frameworks */ = {
			isa = PBXCopyFilesBuildPhase;
			buildActionMask = 2147483647;
			dstPath = "";
			dstSubfolderSpec = 10;
			files = (
				72940D232C9C019600311CE8 /* RealmSwift in Embed Frameworks */,
			);
			name = "Embed Frameworks";
			runOnlyForDeploymentPostprocessing = 0;
		};
/* End PBXCopyFilesBuildPhase section */

/* Begin PBXFileReference section */
		720789872CA41F980053BE8B /* FormatterManager.swift */ = {isa = PBXFileReference; lastKnownFileType = sourcecode.swift; path = FormatterManager.swift; sourceTree = "<group>"; };
		7207898A2CA422AC0053BE8B /* BaseView.swift */ = {isa = PBXFileReference; lastKnownFileType = sourcecode.swift; path = BaseView.swift; sourceTree = "<group>"; };
		7207898C2CA422C10053BE8B /* BaseViewController.swift */ = {isa = PBXFileReference; lastKnownFileType = sourcecode.swift; path = BaseViewController.swift; sourceTree = "<group>"; };
		7207898E2CA4230E0053BE8B /* MonthCalendarView.swift */ = {isa = PBXFileReference; lastKnownFileType = sourcecode.swift; path = MonthCalendarView.swift; sourceTree = "<group>"; };
		720789912CA4525F0053BE8B /* TabIconView.swift */ = {isa = PBXFileReference; lastKnownFileType = sourcecode.swift; path = TabIconView.swift; sourceTree = "<group>"; };
		720789952CA454B10053BE8B /* IconImageName.swift */ = {isa = PBXFileReference; lastKnownFileType = sourcecode.swift; path = IconImageName.swift; sourceTree = "<group>"; };
		720789982CA456890053BE8B /* CircleButtonView.swift */ = {isa = PBXFileReference; lastKnownFileType = sourcecode.swift; path = CircleButtonView.swift; sourceTree = "<group>"; };
		7207899A2CA478310053BE8B /* RecodeViewModel.swift */ = {isa = PBXFileReference; lastKnownFileType = sourcecode.swift; path = RecodeViewModel.swift; sourceTree = "<group>"; };
		7207899C2CA478910053BE8B /* RecodingView.swift */ = {isa = PBXFileReference; lastKnownFileType = sourcecode.swift; path = RecodingView.swift; sourceTree = "<group>"; };
		720789A02CA479C80053BE8B /* DateRecodingView.swift */ = {isa = PBXFileReference; lastKnownFileType = sourcecode.swift; path = DateRecodingView.swift; sourceTree = "<group>"; };
		720789A22CA47EE00053BE8B /* CategoriesView.swift */ = {isa = PBXFileReference; lastKnownFileType = sourcecode.swift; path = CategoriesView.swift; sourceTree = "<group>"; };
		720789A72CA5565A0053BE8B /* RealmModel.swift */ = {isa = PBXFileReference; lastKnownFileType = sourcecode.swift; path = RealmModel.swift; sourceTree = "<group>"; };
		720789AB2CA5A6F20053BE8B /* AudioRecorderManager.swift */ = {isa = PBXFileReference; lastKnownFileType = sourcecode.swift; path = AudioRecorderManager.swift; sourceTree = "<group>"; };
		720789BA2CA6FF310053BE8B /* AnalysisResultView.swift */ = {isa = PBXFileReference; lastKnownFileType = sourcecode.swift; path = AnalysisResultView.swift; sourceTree = "<group>"; };
		720789BD2CA705380053BE8B /* AnalyzeSentimentNetwork.swift */ = {isa = PBXFileReference; lastKnownFileType = sourcecode.swift; path = AnalyzeSentimentNetwork.swift; sourceTree = "<group>"; };
		720789BF2CA70B4B0053BE8B /* .gitignore */ = {isa = PBXFileReference; lastKnownFileType = text; path = .gitignore; sourceTree = "<group>"; };
		720789C12CA70BC70053BE8B /* APIKey.swift */ = {isa = PBXFileReference; lastKnownFileType = sourcecode.swift; path = APIKey.swift; sourceTree = "<group>"; };
		720789C32CA722790053BE8B /* EmotionImageManager.swift */ = {isa = PBXFileReference; lastKnownFileType = sourcecode.swift; path = EmotionImageManager.swift; sourceTree = "<group>"; };
		723114A42DA39516009D560B /* en */ = {isa = PBXFileReference; lastKnownFileType = text.plist.strings; name = en; path = en.lproj/Localizable.strings; sourceTree = "<group>"; };
		723114A62DA3957D009D560B /* ko */ = {isa = PBXFileReference; lastKnownFileType = text.plist.strings; name = ko; path = ko.lproj/Localizable.strings; sourceTree = "<group>"; };
		723114A82DA39742009D560B /* StringData.swift */ = {isa = PBXFileReference; lastKnownFileType = sourcecode.swift; path = StringData.swift; sourceTree = "<group>"; };
		72940C9F2C9028C800311CE8 /* TellMeDay.app */ = {isa = PBXFileReference; explicitFileType = wrapper.application; includeInIndex = 0; path = TellMeDay.app; sourceTree = BUILT_PRODUCTS_DIR; };
		72940CA22C9028C800311CE8 /* TellMeDayApp.swift */ = {isa = PBXFileReference; lastKnownFileType = sourcecode.swift; path = TellMeDayApp.swift; sourceTree = "<group>"; };
		72940CA42C9028C800311CE8 /* MainView.swift */ = {isa = PBXFileReference; lastKnownFileType = sourcecode.swift; path = MainView.swift; sourceTree = "<group>"; };
		72940CA62C9028C900311CE8 /* Assets.xcassets */ = {isa = PBXFileReference; lastKnownFileType = folder.assetcatalog; path = Assets.xcassets; sourceTree = "<group>"; };
		72940CA92C9028C900311CE8 /* Preview Assets.xcassets */ = {isa = PBXFileReference; lastKnownFileType = folder.assetcatalog; path = "Preview Assets.xcassets"; sourceTree = "<group>"; };
		72940D102C98373900311CE8 /* MonthCalendarViewController.swift */ = {isa = PBXFileReference; lastKnownFileType = sourcecode.swift; path = MonthCalendarViewController.swift; sourceTree = "<group>"; };
		72940D162C98424800311CE8 /* CalendarCell.swift */ = {isa = PBXFileReference; lastKnownFileType = sourcecode.swift; path = CalendarCell.swift; sourceTree = "<group>"; };
		72940D192C98432700311CE8 /* CalendarViewModel.swift */ = {isa = PBXFileReference; lastKnownFileType = sourcecode.swift; path = CalendarViewModel.swift; sourceTree = "<group>"; };
		72940D252C9D457500311CE8 /* CustomTabView.swift */ = {isa = PBXFileReference; lastKnownFileType = sourcecode.swift; path = CustomTabView.swift; sourceTree = "<group>"; };
		72940D2A2C9EAA0D00311CE8 /* ForegroundWrapper.swift */ = {isa = PBXFileReference; lastKnownFileType = sourcecode.swift; path = ForegroundWrapper.swift; sourceTree = "<group>"; };
		72940D2D2C9FEA2600311CE8 /* 나눔손글씨 규리의 일기.ttf */ = {isa = PBXFileReference; lastKnownFileType = file; path = "나눔손글씨 규리의 일기.ttf"; sourceTree = "<group>"; };
		72940D2F2C9FEACA00311CE8 /* Info.plist */ = {isa = PBXFileReference; lastKnownFileType = text.plist; path = Info.plist; sourceTree = "<group>"; };
		72940D302C9FEBE300311CE8 /* ResourceFonts.swift */ = {isa = PBXFileReference; lastKnownFileType = sourcecode.swift; path = ResourceFonts.swift; sourceTree = "<group>"; };
		72940D332CA05DEF00311CE8 /* TitleTextField.swift */ = {isa = PBXFileReference; lastKnownFileType = sourcecode.swift; path = TitleTextField.swift; sourceTree = "<group>"; };
		72940D352CA064DE00311CE8 /* SpeechRecognizer.swift */ = {isa = PBXFileReference; lastKnownFileType = sourcecode.swift; path = SpeechRecognizer.swift; sourceTree = "<group>"; };
		72940D542CA1C6B300311CE8 /* ViewModelType.swift */ = {isa = PBXFileReference; lastKnownFileType = sourcecode.swift; path = ViewModelType.swift; sourceTree = "<group>"; };
		72940D562CA3059000311CE8 /* VoiceDiaryRecordingView.swift */ = {isa = PBXFileReference; lastKnownFileType = sourcecode.swift; path = VoiceDiaryRecordingView.swift; sourceTree = "<group>"; };
		72940D582CA305BB00311CE8 /* VoiceDiaryRecordingViewModel.swift */ = {isa = PBXFileReference; lastKnownFileType = sourcecode.swift; path = VoiceDiaryRecordingViewModel.swift; sourceTree = "<group>"; };
		72940D5B2CA30B6100311CE8 /* DateHeaderView.swift */ = {isa = PBXFileReference; lastKnownFileType = sourcecode.swift; path = DateHeaderView.swift; sourceTree = "<group>"; };
		72A3AA392CA84CAE005FBCDD /* DiaryTableRepository.swift */ = {isa = PBXFileReference; lastKnownFileType = sourcecode.swift; path = DiaryTableRepository.swift; sourceTree = "<group>"; };
		72A3AA3C2CA86342005FBCDD /* DiaryDetailView.swift */ = {isa = PBXFileReference; lastKnownFileType = sourcecode.swift; path = DiaryDetailView.swift; sourceTree = "<group>"; };
		72A3AA3F2CA93F15005FBCDD /* EditDiary.swift */ = {isa = PBXFileReference; lastKnownFileType = sourcecode.swift; path = EditDiary.swift; sourceTree = "<group>"; };
		72A3AA412CA942AA005FBCDD /* EditDiaryViewModel.swift */ = {isa = PBXFileReference; lastKnownFileType = sourcecode.swift; path = EditDiaryViewModel.swift; sourceTree = "<group>"; };
		72A3AA442CA97653005FBCDD /* MyDiaryView.swift */ = {isa = PBXFileReference; lastKnownFileType = sourcecode.swift; path = MyDiaryView.swift; sourceTree = "<group>"; };
		72A3AA462CA98056005FBCDD /* DiaryCardView.swift */ = {isa = PBXFileReference; lastKnownFileType = sourcecode.swift; path = DiaryCardView.swift; sourceTree = "<group>"; };
		72A3AA482CA99587005FBCDD /* AnalyzeView.swift */ = {isa = PBXFileReference; lastKnownFileType = sourcecode.swift; path = AnalyzeView.swift; sourceTree = "<group>"; };
		72A3AA4B2CAEB0B0005FBCDD /* Enum.swift */ = {isa = PBXFileReference; lastKnownFileType = sourcecode.swift; path = Enum.swift; sourceTree = "<group>"; };
/* End PBXFileReference section */

/* Begin PBXFrameworksBuildPhase section */
		72940C9C2C9028C800311CE8 /* Frameworks */ = {
			isa = PBXFrameworksBuildPhase;
			buildActionMask = 2147483647;
			files = (
				72940D222C9C018800311CE8 /* RealmSwift in Frameworks */,
				72940D1D2C98437800311CE8 /* Kingfisher in Frameworks */,
				72940D0E2C982DEB00311CE8 /* FSCalendar in Frameworks */,
				72940D142C983F2200311CE8 /* SnapKit in Frameworks */,
			);
			runOnlyForDeploymentPostprocessing = 0;
		};
/* End PBXFrameworksBuildPhase section */

/* Begin PBXGroup section */
		720789862CA41F850053BE8B /* Utilities */ = {
			isa = PBXGroup;
			children = (
				720789872CA41F980053BE8B /* FormatterManager.swift */,
				72940D352CA064DE00311CE8 /* SpeechRecognizer.swift */,
				720789AB2CA5A6F20053BE8B /* AudioRecorderManager.swift */,
				720789C32CA722790053BE8B /* EmotionImageManager.swift */,
			);
			path = Utilities;
			sourceTree = "<group>";
		};
		720789892CA422A50053BE8B /* Base */ = {
			isa = PBXGroup;
			children = (
				7207898A2CA422AC0053BE8B /* BaseView.swift */,
				7207898C2CA422C10053BE8B /* BaseViewController.swift */,
			);
			path = Base;
			sourceTree = "<group>";
		};
		720789902CA452450053BE8B /* TabView */ = {
			isa = PBXGroup;
			children = (
				720789912CA4525F0053BE8B /* TabIconView.swift */,
			);
			path = TabView;
			sourceTree = "<group>";
		};
		720789932CA4548A0053BE8B /* Constants */ = {
			isa = PBXGroup;
			children = (
				723114A72DA39736009D560B /* Struct */,
				720789942CA4549F0053BE8B /* Enums */,
			);
			path = Constants;
			sourceTree = "<group>";
		};
		720789942CA4549F0053BE8B /* Enums */ = {
			isa = PBXGroup;
			children = (
				720789952CA454B10053BE8B /* IconImageName.swift */,
				72A3AA4B2CAEB0B0005FBCDD /* Enum.swift */,
			);
			path = Enums;
			sourceTree = "<group>";
		};
		720789972CA4566D0053BE8B /* TabBar */ = {
			isa = PBXGroup;
			children = (
				72940D252C9D457500311CE8 /* CustomTabView.swift */,
				720789982CA456890053BE8B /* CircleButtonView.swift */,
			);
			path = TabBar;
			sourceTree = "<group>";
		};
		7207899E2CA479910053BE8B /* CalendarView */ = {
			isa = PBXGroup;
			children = (
				72940D5B2CA30B6100311CE8 /* DateHeaderView.swift */,
			);
			path = CalendarView;
			sourceTree = "<group>";
		};
		7207899F2CA479A50053BE8B /* RecodingView */ = {
			isa = PBXGroup;
			children = (
				720789A02CA479C80053BE8B /* DateRecodingView.swift */,
				720789A22CA47EE00053BE8B /* CategoriesView.swift */,
			);
			path = RecodingView;
			sourceTree = "<group>";
		};
		720789A62CA556250053BE8B /* DataBase */ = {
			isa = PBXGroup;
			children = (
				720789A72CA5565A0053BE8B /* RealmModel.swift */,
				72A3AA392CA84CAE005FBCDD /* DiaryTableRepository.swift */,
			);
			path = DataBase;
			sourceTree = "<group>";
		};
		720789B82CA6F6660053BE8B /* ResultView */ = {
			isa = PBXGroup;
			children = (
				720789BA2CA6FF310053BE8B /* AnalysisResultView.swift */,
			);
			path = ResultView;
			sourceTree = "<group>";
		};
		720789B92CA6F67D0053BE8B /* MainView */ = {
			isa = PBXGroup;
			children = (
				72940CA42C9028C800311CE8 /* MainView.swift */,
			);
			path = MainView;
			sourceTree = "<group>";
		};
		720789BC2CA7051F0053BE8B /* Network */ = {
			isa = PBXGroup;
			children = (
				720789BD2CA705380053BE8B /* AnalyzeSentimentNetwork.swift */,
			);
			path = Network;
			sourceTree = "<group>";
		};
		723114A72DA39736009D560B /* Struct */ = {
			isa = PBXGroup;
			children = (
				723114A82DA39742009D560B /* StringData.swift */,
			);
			path = Struct;
			sourceTree = "<group>";
		};
		72940C962C9028C800311CE8 = {
			isa = PBXGroup;
			children = (
				720789BF2CA70B4B0053BE8B /* .gitignore */,
				72940CA12C9028C800311CE8 /* TellMeDay */,
				72940CA02C9028C800311CE8 /* Products */,
			);
			sourceTree = "<group>";
		};
		72940CA02C9028C800311CE8 /* Products */ = {
			isa = PBXGroup;
			children = (
				72940C9F2C9028C800311CE8 /* TellMeDay.app */,
			);
			name = Products;
			sourceTree = "<group>";
		};
		72940CA12C9028C800311CE8 /* TellMeDay */ = {
			isa = PBXGroup;
			children = (
				72940D2F2C9FEACA00311CE8 /* Info.plist */,
				72940D082C982D7900311CE8 /* Source */,
				72940D092C982D7E00311CE8 /* Resource */,
				72940CA82C9028C900311CE8 /* Preview Content */,
				720789C12CA70BC70053BE8B /* APIKey.swift */,
				723114A32DA39516009D560B /* Localizable.strings */,
			);
			path = TellMeDay;
			sourceTree = "<group>";
		};
		72940CA82C9028C900311CE8 /* Preview Content */ = {
			isa = PBXGroup;
			children = (
				72940CA92C9028C900311CE8 /* Preview Assets.xcassets */,
			);
			path = "Preview Content";
			sourceTree = "<group>";
		};
		72940D082C982D7900311CE8 /* Source */ = {
			isa = PBXGroup;
			children = (
				72940D0A2C982DA400311CE8 /* App */,
				720789BC2CA7051F0053BE8B /* Network */,
				720789A62CA556250053BE8B /* DataBase */,
				720789932CA4548A0053BE8B /* Constants */,
				720789892CA422A50053BE8B /* Base */,
				720789862CA41F850053BE8B /* Utilities */,
				72940D5A2CA30B3F00311CE8 /* CustomModifier */,
				72940D532CA1C69C00311CE8 /* Protocol */,
				72940D292C9EA9EE00311CE8 /* Wrappers */,
				72940D0B2C982DB300311CE8 /* Views */,
				72940D182C98431B00311CE8 /* ViewModel */,
				72940D0F2C98371D00311CE8 /* Controller */,
			);
			path = Source;
			sourceTree = "<group>";
		};
		72940D092C982D7E00311CE8 /* Resource */ = {
			isa = PBXGroup;
			children = (
				72940CA62C9028C900311CE8 /* Assets.xcassets */,
				72940D2C2C9FEA0900311CE8 /* Fonts */,
			);
			path = Resource;
			sourceTree = "<group>";
		};
		72940D0A2C982DA400311CE8 /* App */ = {
			isa = PBXGroup;
			children = (
				72940CA22C9028C800311CE8 /* TellMeDayApp.swift */,
			);
			path = App;
			sourceTree = "<group>";
		};
		72940D0B2C982DB300311CE8 /* Views */ = {
			isa = PBXGroup;
			children = (
				72A3AA4A2CA9958C005FBCDD /* AnalyzeView */,
				720789972CA4566D0053BE8B /* TabBar */,
				72A3AA432CA9760E005FBCDD /* MyDiaryView */,
				72A3AA3E2CA93F00005FBCDD /* EditDiaryView */,
				72A3AA3B2CA8631F005FBCDD /* DetailRecodingView */,
				720789B92CA6F67D0053BE8B /* MainView */,
				72940D322CA05DC000311CE8 /* RecodeView */,
				720789B82CA6F6660053BE8B /* ResultView */,
			);
			path = Views;
			sourceTree = "<group>";
		};
		72940D0F2C98371D00311CE8 /* Controller */ = {
			isa = PBXGroup;
			children = (
				72940D102C98373900311CE8 /* MonthCalendarViewController.swift */,
				72940D152C98423600311CE8 /* Cell */,
				7207898E2CA4230E0053BE8B /* MonthCalendarView.swift */,
			);
			path = Controller;
			sourceTree = "<group>";
		};
		72940D152C98423600311CE8 /* Cell */ = {
			isa = PBXGroup;
			children = (
				72940D162C98424800311CE8 /* CalendarCell.swift */,
			);
			path = Cell;
			sourceTree = "<group>";
		};
		72940D182C98431B00311CE8 /* ViewModel */ = {
			isa = PBXGroup;
			children = (
				72940D192C98432700311CE8 /* CalendarViewModel.swift */,
				7207899A2CA478310053BE8B /* RecodeViewModel.swift */,
				72940D582CA305BB00311CE8 /* VoiceDiaryRecordingViewModel.swift */,
				72A3AA412CA942AA005FBCDD /* EditDiaryViewModel.swift */,
			);
			path = ViewModel;
			sourceTree = "<group>";
		};
		72940D292C9EA9EE00311CE8 /* Wrappers */ = {
			isa = PBXGroup;
			children = (
				72940D2A2C9EAA0D00311CE8 /* ForegroundWrapper.swift */,
			);
			path = Wrappers;
			sourceTree = "<group>";
		};
		72940D2C2C9FEA0900311CE8 /* Fonts */ = {
			isa = PBXGroup;
			children = (
				72940D302C9FEBE300311CE8 /* ResourceFonts.swift */,
				72940D2D2C9FEA2600311CE8 /* 나눔손글씨 규리의 일기.ttf */,
			);
			path = Fonts;
			sourceTree = "<group>";
		};
		72940D322CA05DC000311CE8 /* RecodeView */ = {
			isa = PBXGroup;
			children = (
				7207899C2CA478910053BE8B /* RecodingView.swift */,
				72940D332CA05DEF00311CE8 /* TitleTextField.swift */,
				72940D562CA3059000311CE8 /* VoiceDiaryRecordingView.swift */,
			);
			path = RecodeView;
			sourceTree = "<group>";
		};
		72940D532CA1C69C00311CE8 /* Protocol */ = {
			isa = PBXGroup;
			children = (
				72940D542CA1C6B300311CE8 /* ViewModelType.swift */,
			);
			path = Protocol;
			sourceTree = "<group>";
		};
		72940D5A2CA30B3F00311CE8 /* CustomModifier */ = {
			isa = PBXGroup;
			children = (
				7207899F2CA479A50053BE8B /* RecodingView */,
				7207899E2CA479910053BE8B /* CalendarView */,
				720789902CA452450053BE8B /* TabView */,
			);
			path = CustomModifier;
			sourceTree = "<group>";
		};
		72A3AA3B2CA8631F005FBCDD /* DetailRecodingView */ = {
			isa = PBXGroup;
			children = (
				72A3AA3C2CA86342005FBCDD /* DiaryDetailView.swift */,
			);
			path = DetailRecodingView;
			sourceTree = "<group>";
		};
		72A3AA3E2CA93F00005FBCDD /* EditDiaryView */ = {
			isa = PBXGroup;
			children = (
				72A3AA3F2CA93F15005FBCDD /* EditDiary.swift */,
			);
			path = EditDiaryView;
			sourceTree = "<group>";
		};
		72A3AA432CA9760E005FBCDD /* MyDiaryView */ = {
			isa = PBXGroup;
			children = (
				72A3AA442CA97653005FBCDD /* MyDiaryView.swift */,
				72A3AA462CA98056005FBCDD /* DiaryCardView.swift */,
			);
			path = MyDiaryView;
			sourceTree = "<group>";
		};
		72A3AA4A2CA9958C005FBCDD /* AnalyzeView */ = {
			isa = PBXGroup;
			children = (
				72A3AA482CA99587005FBCDD /* AnalyzeView.swift */,
			);
			path = AnalyzeView;
			sourceTree = "<group>";
		};
/* End PBXGroup section */

/* Begin PBXNativeTarget section */
		72940C9E2C9028C800311CE8 /* TellMeDay */ = {
			isa = PBXNativeTarget;
			buildConfigurationList = 72940CAD2C9028C900311CE8 /* Build configuration list for PBXNativeTarget "TellMeDay" */;
			buildPhases = (
				72940C9B2C9028C800311CE8 /* Sources */,
				72940C9C2C9028C800311CE8 /* Frameworks */,
				72940C9D2C9028C800311CE8 /* Resources */,
				72940D242C9C019600311CE8 /* Embed Frameworks */,
			);
			buildRules = (
			);
			dependencies = (
			);
			name = TellMeDay;
			packageProductDependencies = (
				72940D0D2C982DEB00311CE8 /* FSCalendar */,
				72940D132C983F2200311CE8 /* SnapKit */,
				72940D1C2C98437800311CE8 /* Kingfisher */,
				72940D212C9C018800311CE8 /* RealmSwift */,
			);
			productName = TellMeDay;
			productReference = 72940C9F2C9028C800311CE8 /* TellMeDay.app */;
			productType = "com.apple.product-type.application";
		};
/* End PBXNativeTarget section */

/* Begin PBXProject section */
		72940C972C9028C800311CE8 /* Project object */ = {
			isa = PBXProject;
			attributes = {
				BuildIndependentTargetsInParallel = 1;
				LastSwiftUpdateCheck = 1530;
				LastUpgradeCheck = 1530;
				TargetAttributes = {
					72940C9E2C9028C800311CE8 = {
						CreatedOnToolsVersion = 15.3;
					};
				};
			};
			buildConfigurationList = 72940C9A2C9028C800311CE8 /* Build configuration list for PBXProject "TellMeDay" */;
			compatibilityVersion = "Xcode 14.0";
			developmentRegion = ko;
			hasScannedForEncodings = 0;
			knownRegions = (
				en,
				Base,
				ko,
			);
			mainGroup = 72940C962C9028C800311CE8;
			packageReferences = (
				72940D0C2C982DEB00311CE8 /* XCRemoteSwiftPackageReference "FSCalendar" */,
				72940D122C983F2200311CE8 /* XCRemoteSwiftPackageReference "SnapKit" */,
				72940D1B2C98437800311CE8 /* XCRemoteSwiftPackageReference "Kingfisher" */,
				72940D202C9C018800311CE8 /* XCRemoteSwiftPackageReference "realm-swift" */,
			);
			productRefGroup = 72940CA02C9028C800311CE8 /* Products */;
			projectDirPath = "";
			projectRoot = "";
			targets = (
				72940C9E2C9028C800311CE8 /* TellMeDay */,
			);
		};
/* End PBXProject section */

/* Begin PBXResourcesBuildPhase section */
		72940C9D2C9028C800311CE8 /* Resources */ = {
			isa = PBXResourcesBuildPhase;
			buildActionMask = 2147483647;
			files = (
				723114A52DA39516009D560B /* Localizable.strings in Resources */,
				720789C02CA70B4B0053BE8B /* .gitignore in Resources */,
				72940CAA2C9028C900311CE8 /* Preview Assets.xcassets in Resources */,
				72940D2E2C9FEA2600311CE8 /* 나눔손글씨 규리의 일기.ttf in Resources */,
				72940CA72C9028C900311CE8 /* Assets.xcassets in Resources */,
			);
			runOnlyForDeploymentPostprocessing = 0;
		};
/* End PBXResourcesBuildPhase section */

/* Begin PBXSourcesBuildPhase section */
		72940C9B2C9028C800311CE8 /* Sources */ = {
			isa = PBXSourcesBuildPhase;
			buildActionMask = 2147483647;
			files = (
				72A3AA472CA98056005FBCDD /* DiaryCardView.swift in Sources */,
				72A3AA402CA93F15005FBCDD /* EditDiary.swift in Sources */,
				72940D112C98373900311CE8 /* MonthCalendarViewController.swift in Sources */,
				720789A82CA5565A0053BE8B /* RealmModel.swift in Sources */,
				723114A92DA39742009D560B /* StringData.swift in Sources */,
				720789A12CA479C80053BE8B /* DateRecodingView.swift in Sources */,
				72940D2B2C9EAA0D00311CE8 /* ForegroundWrapper.swift in Sources */,
				72A3AA452CA97653005FBCDD /* MyDiaryView.swift in Sources */,
				72A3AA3A2CA84CAE005FBCDD /* DiaryTableRepository.swift in Sources */,
				720789C22CA70BC70053BE8B /* APIKey.swift in Sources */,
				720789922CA4525F0053BE8B /* TabIconView.swift in Sources */,
				72940D342CA05DEF00311CE8 /* TitleTextField.swift in Sources */,
				7207898D2CA422C10053BE8B /* BaseViewController.swift in Sources */,
				720789A32CA47EE00053BE8B /* CategoriesView.swift in Sources */,
				720789AC2CA5A6F20053BE8B /* AudioRecorderManager.swift in Sources */,
				72940CA52C9028C800311CE8 /* MainView.swift in Sources */,
				720789882CA41F980053BE8B /* FormatterManager.swift in Sources */,
				72940D572CA3059000311CE8 /* VoiceDiaryRecordingView.swift in Sources */,
				720789C42CA722790053BE8B /* EmotionImageManager.swift in Sources */,
				72940D552CA1C6B300311CE8 /* ViewModelType.swift in Sources */,
				720789BB2CA6FF310053BE8B /* AnalysisResultView.swift in Sources */,
				72A3AA4C2CAEB0B0005FBCDD /* Enum.swift in Sources */,
				7207898F2CA4230E0053BE8B /* MonthCalendarView.swift in Sources */,
				72940D362CA064DE00311CE8 /* SpeechRecognizer.swift in Sources */,
				7207899D2CA478910053BE8B /* RecodingView.swift in Sources */,
				72940D592CA305BB00311CE8 /* VoiceDiaryRecordingViewModel.swift in Sources */,
				7207899B2CA478310053BE8B /* RecodeViewModel.swift in Sources */,
				72940D312C9FEBE300311CE8 /* ResourceFonts.swift in Sources */,
				72940CA32C9028C800311CE8 /* TellMeDayApp.swift in Sources */,
				72A3AA492CA99587005FBCDD /* AnalyzeView.swift in Sources */,
				720789BE2CA705380053BE8B /* AnalyzeSentimentNetwork.swift in Sources */,
				72940D172C98424800311CE8 /* CalendarCell.swift in Sources */,
				72A3AA3D2CA86342005FBCDD /* DiaryDetailView.swift in Sources */,
				720789992CA456890053BE8B /* CircleButtonView.swift in Sources */,
				72940D1A2C98432700311CE8 /* CalendarViewModel.swift in Sources */,
				7207898B2CA422AC0053BE8B /* BaseView.swift in Sources */,
				720789962CA454B10053BE8B /* IconImageName.swift in Sources */,
				72940D5C2CA30B6100311CE8 /* DateHeaderView.swift in Sources */,
				72A3AA422CA942AA005FBCDD /* EditDiaryViewModel.swift in Sources */,
				72940D262C9D457500311CE8 /* CustomTabView.swift in Sources */,
			);
			runOnlyForDeploymentPostprocessing = 0;
		};
/* End PBXSourcesBuildPhase section */

/* Begin PBXVariantGroup section */
		723114A32DA39516009D560B /* Localizable.strings */ = {
			isa = PBXVariantGroup;
			children = (
				723114A42DA39516009D560B /* en */,
				723114A62DA3957D009D560B /* ko */,
			);
			name = Localizable.strings;
			sourceTree = "<group>";
		};
/* End PBXVariantGroup section */

/* Begin XCBuildConfiguration section */
		72940CAB2C9028C900311CE8 /* Debug */ = {
			isa = XCBuildConfiguration;
			buildSettings = {
				ALWAYS_SEARCH_USER_PATHS = NO;
				ASSETCATALOG_COMPILER_GENERATE_SWIFT_ASSET_SYMBOL_EXTENSIONS = YES;
				CLANG_ANALYZER_LOCALIZABILITY_NONLOCALIZED = YES;
				CLANG_ANALYZER_NONNULL = YES;
				CLANG_ANALYZER_NUMBER_OBJECT_CONVERSION = YES_AGGRESSIVE;
				CLANG_CXX_LANGUAGE_STANDARD = "gnu++20";
				CLANG_ENABLE_MODULES = YES;
				CLANG_ENABLE_OBJC_ARC = YES;
				CLANG_ENABLE_OBJC_WEAK = YES;
				CLANG_WARN_BLOCK_CAPTURE_AUTORELEASING = YES;
				CLANG_WARN_BOOL_CONVERSION = YES;
				CLANG_WARN_COMMA = YES;
				CLANG_WARN_CONSTANT_CONVERSION = YES;
				CLANG_WARN_DEPRECATED_OBJC_IMPLEMENTATIONS = YES;
				CLANG_WARN_DIRECT_OBJC_ISA_USAGE = YES_ERROR;
				CLANG_WARN_DOCUMENTATION_COMMENTS = YES;
				CLANG_WARN_EMPTY_BODY = YES;
				CLANG_WARN_ENUM_CONVERSION = YES;
				CLANG_WARN_INFINITE_RECURSION = YES;
				CLANG_WARN_INT_CONVERSION = YES;
				CLANG_WARN_NON_LITERAL_NULL_CONVERSION = YES;
				CLANG_WARN_OBJC_IMPLICIT_RETAIN_SELF = YES;
				CLANG_WARN_OBJC_LITERAL_CONVERSION = YES;
				CLANG_WARN_OBJC_ROOT_CLASS = YES_ERROR;
				CLANG_WARN_QUOTED_INCLUDE_IN_FRAMEWORK_HEADER = YES;
				CLANG_WARN_RANGE_LOOP_ANALYSIS = YES;
				CLANG_WARN_STRICT_PROTOTYPES = YES;
				CLANG_WARN_SUSPICIOUS_MOVE = YES;
				CLANG_WARN_UNGUARDED_AVAILABILITY = YES_AGGRESSIVE;
				CLANG_WARN_UNREACHABLE_CODE = YES;
				CLANG_WARN__DUPLICATE_METHOD_MATCH = YES;
				COPY_PHASE_STRIP = NO;
				DEBUG_INFORMATION_FORMAT = dwarf;
				ENABLE_STRICT_OBJC_MSGSEND = YES;
				ENABLE_TESTABILITY = YES;
				ENABLE_USER_SCRIPT_SANDBOXING = YES;
				GCC_C_LANGUAGE_STANDARD = gnu17;
				GCC_DYNAMIC_NO_PIC = NO;
				GCC_NO_COMMON_BLOCKS = YES;
				GCC_OPTIMIZATION_LEVEL = 0;
				GCC_PREPROCESSOR_DEFINITIONS = (
					"DEBUG=1",
					"$(inherited)",
				);
				GCC_WARN_64_TO_32_BIT_CONVERSION = YES;
				GCC_WARN_ABOUT_RETURN_TYPE = YES_ERROR;
				GCC_WARN_UNDECLARED_SELECTOR = YES;
				GCC_WARN_UNINITIALIZED_AUTOS = YES_AGGRESSIVE;
				GCC_WARN_UNUSED_FUNCTION = YES;
				GCC_WARN_UNUSED_VARIABLE = YES;
				IPHONEOS_DEPLOYMENT_TARGET = 16.0;
				LOCALIZATION_PREFERS_STRING_CATALOGS = YES;
				MTL_ENABLE_DEBUG_INFO = INCLUDE_SOURCE;
				MTL_FAST_MATH = YES;
				ONLY_ACTIVE_ARCH = YES;
				SDKROOT = iphoneos;
				SWIFT_ACTIVE_COMPILATION_CONDITIONS = "DEBUG $(inherited)";
				SWIFT_OPTIMIZATION_LEVEL = "-Onone";
			};
			name = Debug;
		};
		72940CAC2C9028C900311CE8 /* Release */ = {
			isa = XCBuildConfiguration;
			buildSettings = {
				ALWAYS_SEARCH_USER_PATHS = NO;
				ASSETCATALOG_COMPILER_GENERATE_SWIFT_ASSET_SYMBOL_EXTENSIONS = YES;
				CLANG_ANALYZER_LOCALIZABILITY_NONLOCALIZED = YES;
				CLANG_ANALYZER_NONNULL = YES;
				CLANG_ANALYZER_NUMBER_OBJECT_CONVERSION = YES_AGGRESSIVE;
				CLANG_CXX_LANGUAGE_STANDARD = "gnu++20";
				CLANG_ENABLE_MODULES = YES;
				CLANG_ENABLE_OBJC_ARC = YES;
				CLANG_ENABLE_OBJC_WEAK = YES;
				CLANG_WARN_BLOCK_CAPTURE_AUTORELEASING = YES;
				CLANG_WARN_BOOL_CONVERSION = YES;
				CLANG_WARN_COMMA = YES;
				CLANG_WARN_CONSTANT_CONVERSION = YES;
				CLANG_WARN_DEPRECATED_OBJC_IMPLEMENTATIONS = YES;
				CLANG_WARN_DIRECT_OBJC_ISA_USAGE = YES_ERROR;
				CLANG_WARN_DOCUMENTATION_COMMENTS = YES;
				CLANG_WARN_EMPTY_BODY = YES;
				CLANG_WARN_ENUM_CONVERSION = YES;
				CLANG_WARN_INFINITE_RECURSION = YES;
				CLANG_WARN_INT_CONVERSION = YES;
				CLANG_WARN_NON_LITERAL_NULL_CONVERSION = YES;
				CLANG_WARN_OBJC_IMPLICIT_RETAIN_SELF = YES;
				CLANG_WARN_OBJC_LITERAL_CONVERSION = YES;
				CLANG_WARN_OBJC_ROOT_CLASS = YES_ERROR;
				CLANG_WARN_QUOTED_INCLUDE_IN_FRAMEWORK_HEADER = YES;
				CLANG_WARN_RANGE_LOOP_ANALYSIS = YES;
				CLANG_WARN_STRICT_PROTOTYPES = YES;
				CLANG_WARN_SUSPICIOUS_MOVE = YES;
				CLANG_WARN_UNGUARDED_AVAILABILITY = YES_AGGRESSIVE;
				CLANG_WARN_UNREACHABLE_CODE = YES;
				CLANG_WARN__DUPLICATE_METHOD_MATCH = YES;
				COPY_PHASE_STRIP = NO;
				DEBUG_INFORMATION_FORMAT = "dwarf-with-dsym";
				ENABLE_NS_ASSERTIONS = NO;
				ENABLE_STRICT_OBJC_MSGSEND = YES;
				ENABLE_USER_SCRIPT_SANDBOXING = YES;
				GCC_C_LANGUAGE_STANDARD = gnu17;
				GCC_NO_COMMON_BLOCKS = YES;
				GCC_WARN_64_TO_32_BIT_CONVERSION = YES;
				GCC_WARN_ABOUT_RETURN_TYPE = YES_ERROR;
				GCC_WARN_UNDECLARED_SELECTOR = YES;
				GCC_WARN_UNINITIALIZED_AUTOS = YES_AGGRESSIVE;
				GCC_WARN_UNUSED_FUNCTION = YES;
				GCC_WARN_UNUSED_VARIABLE = YES;
				IPHONEOS_DEPLOYMENT_TARGET = 16.0;
				LOCALIZATION_PREFERS_STRING_CATALOGS = YES;
				MTL_ENABLE_DEBUG_INFO = NO;
				MTL_FAST_MATH = YES;
				SDKROOT = iphoneos;
				SWIFT_COMPILATION_MODE = wholemodule;
				VALIDATE_PRODUCT = YES;
			};
			name = Release;
		};
		72940CAE2C9028C900311CE8 /* Debug */ = {
			isa = XCBuildConfiguration;
			buildSettings = {
				ASSETCATALOG_COMPILER_APPICON_NAME = AppIcon;
				ASSETCATALOG_COMPILER_GLOBAL_ACCENT_COLOR_NAME = AccentColor;
				CODE_SIGN_STYLE = Automatic;
				CURRENT_PROJECT_VERSION = 2;
				DEVELOPMENT_ASSET_PATHS = "\"TellMeDay/Preview Content\"";
				DEVELOPMENT_TEAM = QQN262X7KM;
				ENABLE_PREVIEWS = YES;
				GENERATE_INFOPLIST_FILE = YES;
				INFOPLIST_FILE = TellMeDay/Info.plist;
				INFOPLIST_KEY_CFBundleDisplayName = "수다일기";
				INFOPLIST_KEY_NSAppleMusicUsageDescription = "미디어 라이브러리 접근 권한을 요청합니다.";
				INFOPLIST_KEY_NSFileProviderDomainUsageDescription = "파일 시스템 접근 권한을 요청합니다.";
				INFOPLIST_KEY_NSMicrophoneUsageDescription = "앱에서 음성 인식을 사용하기 위해 음성 인식 기능에 접근이 필요합니다.";
				INFOPLIST_KEY_NSSpeechRecognitionUsageDescription = "앱에서 음성 녹음을 사용하기 위해 마이크에 접근이 필요합니다.";
				INFOPLIST_KEY_UIApplicationSceneManifest_Generation = YES;
				INFOPLIST_KEY_UIApplicationSupportsIndirectInputEvents = YES;
				INFOPLIST_KEY_UILaunchScreen_Generation = YES;
				INFOPLIST_KEY_UISupportedInterfaceOrientations = UIInterfaceOrientationPortrait;
				INFOPLIST_KEY_UISupportedInterfaceOrientations_iPad = "UIInterfaceOrientationLandscapeLeft UIInterfaceOrientationLandscapeRight UIInterfaceOrientationPortrait UIInterfaceOrientationPortraitUpsideDown";
				IPHONEOS_DEPLOYMENT_TARGET = 16.0;
				LD_RUNPATH_SEARCH_PATHS = (
					"$(inherited)",
					"@executable_path/Frameworks",
				);
				MARKETING_VERSION = 1.0.3;
				PRODUCT_BUNDLE_IDENTIFIER = com.Jun.TellMeDay;
				PRODUCT_NAME = "$(TARGET_NAME)";
				SUPPORTED_PLATFORMS = "iphoneos iphonesimulator";
				SUPPORTS_MACCATALYST = NO;
				SUPPORTS_MAC_DESIGNED_FOR_IPHONE_IPAD = NO;
				SUPPORTS_XR_DESIGNED_FOR_IPHONE_IPAD = NO;
				SWIFT_EMIT_LOC_STRINGS = YES;
				SWIFT_VERSION = 5.0;
				TARGETED_DEVICE_FAMILY = 1;
			};
			name = Debug;
		};
		72940CAF2C9028C900311CE8 /* Release */ = {
			isa = XCBuildConfiguration;
			buildSettings = {
				ASSETCATALOG_COMPILER_APPICON_NAME = AppIcon;
				ASSETCATALOG_COMPILER_GLOBAL_ACCENT_COLOR_NAME = AccentColor;
				CODE_SIGN_STYLE = Automatic;
				CURRENT_PROJECT_VERSION = 2;
				DEVELOPMENT_ASSET_PATHS = "\"TellMeDay/Preview Content\"";
				DEVELOPMENT_TEAM = QQN262X7KM;
				ENABLE_PREVIEWS = YES;
				GENERATE_INFOPLIST_FILE = YES;
				INFOPLIST_FILE = TellMeDay/Info.plist;
				INFOPLIST_KEY_CFBundleDisplayName = "수다일기";
				INFOPLIST_KEY_NSAppleMusicUsageDescription = "미디어 라이브러리 접근 권한을 요청합니다.";
				INFOPLIST_KEY_NSFileProviderDomainUsageDescription = "파일 시스템 접근 권한을 요청합니다.";
				INFOPLIST_KEY_NSMicrophoneUsageDescription = "앱에서 음성 인식을 사용하기 위해 음성 인식 기능에 접근이 필요합니다.";
				INFOPLIST_KEY_NSSpeechRecognitionUsageDescription = "앱에서 음성 녹음을 사용하기 위해 마이크에 접근이 필요합니다.";
				INFOPLIST_KEY_UIApplicationSceneManifest_Generation = YES;
				INFOPLIST_KEY_UIApplicationSupportsIndirectInputEvents = YES;
				INFOPLIST_KEY_UILaunchScreen_Generation = YES;
				INFOPLIST_KEY_UISupportedInterfaceOrientations = UIInterfaceOrientationPortrait;
				INFOPLIST_KEY_UISupportedInterfaceOrientations_iPad = "UIInterfaceOrientationLandscapeLeft UIInterfaceOrientationLandscapeRight UIInterfaceOrientationPortrait UIInterfaceOrientationPortraitUpsideDown";
				IPHONEOS_DEPLOYMENT_TARGET = 16.0;
				LD_RUNPATH_SEARCH_PATHS = (
					"$(inherited)",
					"@executable_path/Frameworks",
				);
				MARKETING_VERSION = 1.0.3;
				PRODUCT_BUNDLE_IDENTIFIER = com.Jun.TellMeDay;
				PRODUCT_NAME = "$(TARGET_NAME)";
				SUPPORTED_PLATFORMS = "iphoneos iphonesimulator";
				SUPPORTS_MACCATALYST = NO;
				SUPPORTS_MAC_DESIGNED_FOR_IPHONE_IPAD = NO;
				SUPPORTS_XR_DESIGNED_FOR_IPHONE_IPAD = NO;
				SWIFT_EMIT_LOC_STRINGS = YES;
				SWIFT_VERSION = 5.0;
				TARGETED_DEVICE_FAMILY = 1;
			};
			name = Release;
		};
/* End XCBuildConfiguration section */

/* Begin XCConfigurationList section */
		72940C9A2C9028C800311CE8 /* Build configuration list for PBXProject "TellMeDay" */ = {
			isa = XCConfigurationList;
			buildConfigurations = (
				72940CAB2C9028C900311CE8 /* Debug */,
				72940CAC2C9028C900311CE8 /* Release */,
			);
			defaultConfigurationIsVisible = 0;
			defaultConfigurationName = Release;
		};
		72940CAD2C9028C900311CE8 /* Build configuration list for PBXNativeTarget "TellMeDay" */ = {
			isa = XCConfigurationList;
			buildConfigurations = (
				72940CAE2C9028C900311CE8 /* Debug */,
				72940CAF2C9028C900311CE8 /* Release */,
			);
			defaultConfigurationIsVisible = 0;
			defaultConfigurationName = Release;
		};
/* End XCConfigurationList section */

/* Begin XCRemoteSwiftPackageReference section */
		72940D0C2C982DEB00311CE8 /* XCRemoteSwiftPackageReference "FSCalendar" */ = {
			isa = XCRemoteSwiftPackageReference;
			repositoryURL = "https://github.com/WenchaoD/FSCalendar.git";
			requirement = {
				kind = upToNextMajorVersion;
				minimumVersion = 2.8.4;
			};
		};
		72940D122C983F2200311CE8 /* XCRemoteSwiftPackageReference "SnapKit" */ = {
			isa = XCRemoteSwiftPackageReference;
			repositoryURL = "https://github.com/SnapKit/SnapKit.git";
			requirement = {
				kind = upToNextMajorVersion;
				minimumVersion = 5.7.1;
			};
		};
		72940D1B2C98437800311CE8 /* XCRemoteSwiftPackageReference "Kingfisher" */ = {
			isa = XCRemoteSwiftPackageReference;
			repositoryURL = "https://github.com/onevcat/Kingfisher.git";
			requirement = {
				kind = upToNextMajorVersion;
				minimumVersion = 7.12.0;
			};
		};
		72940D202C9C018800311CE8 /* XCRemoteSwiftPackageReference "realm-swift" */ = {
			isa = XCRemoteSwiftPackageReference;
			repositoryURL = "https://github.com/realm/realm-swift.git";
			requirement = {
				kind = exactVersion;
				version = 20.0.0;
			};
		};
/* End XCRemoteSwiftPackageReference section */

/* Begin XCSwiftPackageProductDependency section */
		72940D0D2C982DEB00311CE8 /* FSCalendar */ = {
			isa = XCSwiftPackageProductDependency;
			package = 72940D0C2C982DEB00311CE8 /* XCRemoteSwiftPackageReference "FSCalendar" */;
			productName = FSCalendar;
		};
		72940D132C983F2200311CE8 /* SnapKit */ = {
			isa = XCSwiftPackageProductDependency;
			package = 72940D122C983F2200311CE8 /* XCRemoteSwiftPackageReference "SnapKit" */;
			productName = SnapKit;
		};
		72940D1C2C98437800311CE8 /* Kingfisher */ = {
			isa = XCSwiftPackageProductDependency;
			package = 72940D1B2C98437800311CE8 /* XCRemoteSwiftPackageReference "Kingfisher" */;
			productName = Kingfisher;
		};
		72940D212C9C018800311CE8 /* RealmSwift */ = {
			isa = XCSwiftPackageProductDependency;
			package = 72940D202C9C018800311CE8 /* XCRemoteSwiftPackageReference "realm-swift" */;
			productName = RealmSwift;
		};
/* End XCSwiftPackageProductDependency section */
	};
	rootObject = 72940C972C9028C800311CE8 /* Project object */;
}
